
Microsoft Visual Studio Solution File, Format Version 12.00
# Visual Studio Version 17
VisualStudioVersion = 17.11.35303.130
MinimumVisualStudioVersion = 10.0.40219.1
Project("{FAE04EC0-301F-11D3-BF4B-00C04F79EFBC}") = "Tema4_DI", "Tema4_DI\Tema4_DI.csproj", "{3021E59D-3242-4EF4-B38A-C38461F3D2FD}"
EndProject
Project("{FAE04EC0-301F-11D3-BF4B-00C04F79EFBC}") = "Ej2_Tema4_DI", "Ej2_Tema4_DI\Ej2_Tema4_DI.csproj", "{9FF8946F-DF72-418F-959D-A97EC2FA494D}"
EndProject
Project("{FAE04EC0-301F-11D3-BF4B-00C04F79EFBC}") = "Ej3_Tema4_DI", "Ej3_Tema4_DI\Ej3_Tema4_DI.csproj", "{C74534ED-39E6-4665-8CE0-3677269AC9F9}"
EndProject
Project("{FAE04EC0-301F-11D3-BF4B-00C04F79EFBC}") = "Ej4_Tema4_DI", "Ej4_Tema4_DI\Ej4_Tema4_DI.csproj", "{9FB93C6C-5DA0-4DEB-9B58-0C8A42849E73}"
EndProject
Project("{FAE04EC0-301F-11D3-BF4B-00C04F79EFBC}") = "Ej5_Tema4_DI", "Ej5_Tema4_DI\Ej5_Tema4_DI.csproj", "{DD164681-FF1B-4303-A714-A829B9C00528}"
EndProject
Project("{FAE04EC0-301F-11D3-BF4B-00C04F79EFBC}") = "Ej6_Tema4_DI", "Ej6_Tema4_DI\Ej6_Tema4_DI.csproj", "{39F91710-3D31-45E1-B650-E7D28EE3854D}"
EndProject
Project("{FAE04EC0-301F-11D3-BF4B-00C04F79EFBC}") = "EJ7_Tema4_DI", "EJ7_Tema4_DI\EJ7_Tema4_DI.csproj", "{4AD96F29-DFF7-4DAC-B93A-9F5DFD8A9C2B}"
EndProject
Project("{FAE04EC0-301F-11D3-BF4B-00C04F79EFBC}") = "Ej8_Tema4_DI", "Ej8_Tema4_DI\Ej8_Tema4_DI.csproj", "{61AFFD2B-9D94-47DB-A6EC-E939910966C0}"
EndProject
Global
	GlobalSection(SolutionConfigurationPlatforms) = preSolution
		Debug|Any CPU = Debug|Any CPU
		Release|Any CPU = Release|Any CPU
	EndGlobalSection
	GlobalSection(ProjectConfigurationPlatforms) = postSolution
		{3021E59D-3242-4EF4-B38A-C38461F3D2FD}.Debug|Any CPU.ActiveCfg = Debug|Any CPU
		{3021E59D-3242-4EF4-B38A-C38461F3D2FD}.Debug|Any CPU.Build.0 = Debug|Any CPU
		{3021E59D-3242-4EF4-B38A-C38461F3D2FD}.Release|Any CPU.ActiveCfg = Release|Any CPU
		{3021E59D-3242-4EF4-B38A-C38461F3D2FD}.Release|Any CPU.Build.0 = Release|Any CPU
		{9FF8946F-DF72-418F-959D-A97EC2FA494D}.Debug|Any CPU.ActiveCfg = Debug|Any CPU
		{9FF8946F-DF72-418F-959D-A97EC2FA494D}.Debug|Any CPU.Build.0 = Debug|Any CPU
		{9FF8946F-DF72-418F-959D-A97EC2FA494D}.Release|Any CPU.ActiveCfg = Release|Any CPU
		{9FF8946F-DF72-418F-959D-A97EC2FA494D}.Release|Any CPU.Build.0 = Release|Any CPU
		{C74534ED-39E6-4665-8CE0-3677269AC9F9}.Debug|Any CPU.ActiveCfg = Debug|Any CPU
		{C74534ED-39E6-4665-8CE0-3677269AC9F9}.Debug|Any CPU.Build.0 = Debug|Any CPU
		{C74534ED-39E6-4665-8CE0-3677269AC9F9}.Release|Any CPU.ActiveCfg = Release|Any CPU
		{C74534ED-39E6-4665-8CE0-3677269AC9F9}.Release|Any CPU.Build.0 = Release|Any CPU
		{9FB93C6C-5DA0-4DEB-9B58-0C8A42849E73}.Debug|Any CPU.ActiveCfg = Debug|Any CPU
		{9FB93C6C-5DA0-4DEB-9B58-0C8A42849E73}.Debug|Any CPU.Build.0 = Debug|Any CPU
		{9FB93C6C-5DA0-4DEB-9B58-0C8A42849E73}.Release|Any CPU.ActiveCfg = Release|Any CPU
		{9FB93C6C-5DA0-4DEB-9B58-0C8A42849E73}.Release|Any CPU.Build.0 = Release|Any CPU
		{DD164681-FF1B-4303-A714-A829B9C00528}.Debug|Any CPU.ActiveCfg = Debug|Any CPU
		{DD164681-FF1B-4303-A714-A829B9C00528}.Debug|Any CPU.Build.0 = Debug|Any CPU
		{DD164681-FF1B-4303-A714-A829B9C00528}.Release|Any CPU.ActiveCfg = Release|Any CPU
		{DD164681-FF1B-4303-A714-A829B9C00528}.Release|Any CPU.Build.0 = Release|Any CPU
		{39F91710-3D31-45E1-B650-E7D28EE3854D}.Debug|Any CPU.ActiveCfg = Debug|Any CPU
		{39F91710-3D31-45E1-B650-E7D28EE3854D}.Debug|Any CPU.Build.0 = Debug|Any CPU
		{39F91710-3D31-45E1-B650-E7D28EE3854D}.Release|Any CPU.ActiveCfg = Release|Any CPU
		{39F91710-3D31-45E1-B650-E7D28EE3854D}.Release|Any CPU.Build.0 = Release|Any CPU
		{4AD96F29-DFF7-4DAC-B93A-9F5DFD8A9C2B}.Debug|Any CPU.ActiveCfg = Debug|Any CPU
		{4AD96F29-DFF7-4DAC-B93A-9F5DFD8A9C2B}.Debug|Any CPU.Build.0 = Debug|Any CPU
		{4AD96F29-DFF7-4DAC-B93A-9F5DFD8A9C2B}.Release|Any CPU.ActiveCfg = Release|Any CPU
		{4AD96F29-DFF7-4DAC-B93A-9F5DFD8A9C2B}.Release|Any CPU.Build.0 = Release|Any CPU
		{61AFFD2B-9D94-47DB-A6EC-E939910966C0}.Debug|Any CPU.ActiveCfg = Debug|Any CPU
		{61AFFD2B-9D94-47DB-A6EC-E939910966C0}.Debug|Any CPU.Build.0 = Debug|Any CPU
		{61AFFD2B-9D94-47DB-A6EC-E939910966C0}.Release|Any CPU.ActiveCfg = Release|Any CPU
		{61AFFD2B-9D94-47DB-A6EC-E939910966C0}.Release|Any CPU.Build.0 = Release|Any CPU
	EndGlobalSection
	GlobalSection(SolutionProperties) = preSolution
		HideSolutionNode = FALSE
	EndGlobalSection
	GlobalSection(ExtensibilityGlobals) = postSolution
		SolutionGuid = {44E5955E-29C1-4A0D-B6D2-733866730269}
	EndGlobalSection
EndGlobal
